
Microsoft Visual Studio Solution File, Format Version 12.00
# Visual Studio 15
VisualStudioVersion = 15.0.26730.16
MinimumVisualStudioVersion = 10.0.40219.1
Project("{FAE04EC0-301F-11D3-BF4B-00C04F79EFBC}") = "OSWPF1", "OSWPF1\OSWPF1.csproj", "{BC50EA2F-BAA2-4318-A3D6-6AC935E64236}"
EndProject
Global
	GlobalSection(SolutionConfigurationPlatforms) = preSolution
		Debug|Any CPU = Debug|Any CPU
		Release|Any CPU = Release|Any CPU
	EndGlobalSection
	GlobalSection(ProjectConfigurationPlatforms) = postSolution
		{BC50EA2F-BAA2-4318-A3D6-6AC935E64236}.Debug|Any CPU.ActiveCfg = Debug|Any CPU
		{BC50EA2F-BAA2-4318-A3D6-6AC935E64236}.Debug|Any CPU.Build.0 = Debug|Any CPU
		{BC50EA2F-BAA2-4318-A3D6-6AC935E64236}.Release|Any CPU.ActiveCfg = Release|Any CPU
		{BC50EA2F-BAA2-4318-A3D6-6AC935E64236}.Release|Any CPU.Build.0 = Release|Any CPU
	EndGlobalSection
	GlobalSection(SolutionProperties) = preSolution
		HideSolutionNode = FALSE
	EndGlobalSection
	GlobalSection(ExtensibilityGlobals) = postSolution
		SolutionGuid = {A6D47C2F-224E-4E4D-8177-4401B4CA74F9}
	EndGlobalSection
EndGlobal
